
Microsoft Visual Studio Solution File, Format Version 12.00
# Visual Studio Version 17
VisualStudioVersion = 17.4.33122.133
MinimumVisualStudioVersion = 10.0.40219.1
Project("{54A90642-561A-4BB1-A94E-469ADEE60C69}") = "CalculatorChallenge", "CalculatorChallenge\CalculatorChallenge.esproj", "{09F7EE11-BCD1-4106-8724-63CCDFBD6A2A}"
EndProject
Global
	GlobalSection(SolutionConfigurationPlatforms) = preSolution
		Debug|Any CPU = Debug|Any CPU
		Release|Any CPU = Release|Any CPU
	EndGlobalSection
	GlobalSection(ProjectConfigurationPlatforms) = postSolution
		{09F7EE11-BCD1-4106-8724-63CCDFBD6A2A}.Debug|Any CPU.ActiveCfg = Debug|Any CPU
		{09F7EE11-BCD1-4106-8724-63CCDFBD6A2A}.Debug|Any CPU.Build.0 = Debug|Any CPU
		{09F7EE11-BCD1-4106-8724-63CCDFBD6A2A}.Debug|Any CPU.Deploy.0 = Debug|Any CPU
		{09F7EE11-BCD1-4106-8724-63CCDFBD6A2A}.Release|Any CPU.ActiveCfg = Release|Any CPU
		{09F7EE11-BCD1-4106-8724-63CCDFBD6A2A}.Release|Any CPU.Build.0 = Release|Any CPU
		{09F7EE11-BCD1-4106-8724-63CCDFBD6A2A}.Release|Any CPU.Deploy.0 = Release|Any CPU
	EndGlobalSection
	GlobalSection(SolutionProperties) = preSolution
		HideSolutionNode = FALSE
	EndGlobalSection
	GlobalSection(ExtensibilityGlobals) = postSolution
		SolutionGuid = {8EDB9A10-C946-4843-89DC-7C7B254AAB36}
	EndGlobalSection
EndGlobal
